
Microsoft Visual Studio Solution File, Format Version 12.00
# Visual Studio Express 2013 for Windows Desktop
VisualStudioVersion = 12.0.21005.1
MinimumVisualStudioVersion = 10.0.40219.1
Project("{8BC9CEB8-8B4A-11D0-8D11-00A0C91BC942}") = "fig02_01", "fig02_01\fig02_01.vcxproj", "{B80373E5-F6E8-416F-98DC-8128CDFD4C63}"
EndProject
Project("{8BC9CEB8-8B4A-11D0-8D11-00A0C91BC942}") = "fig02_03", "fig02_03\fig02_03.vcxproj", "{CEFC73FD-8598-423B-B43B-AFDE13669CCD}"
EndProject
Project("{8BC9CEB8-8B4A-11D0-8D11-00A0C91BC942}") = "fig02_04", "fig02_04\fig02_04.vcxproj", "{731E632E-E3EE-4CA2-AC79-D3CDEDAE7D67}"
EndProject
Project("{8BC9CEB8-8B4A-11D0-8D11-00A0C91BC942}") = "fig02_05", "fig02_05\fig02_05.vcxproj", "{42857F2B-A775-4AA4-AC9C-81A68ED58E39}"
EndProject
Project("{8BC9CEB8-8B4A-11D0-8D11-00A0C91BC942}") = "fig02_13", "fig02_13\fig02_13.vcxproj", "{4D872245-125F-4359-A82F-D25A2F30ABF3}"
EndProject
Project("{8BC9CEB8-8B4A-11D0-8D11-00A0C91BC942}") = "fig03_01", "fig03_01\fig03_01.vcxproj", "{98EFC801-7058-43AA-8C90-F91A4814DDAA}"
EndProject
Project("{8BC9CEB8-8B4A-11D0-8D11-00A0C91BC942}") = "fig03_03", "fig03_03\fig03_03.vcxproj", "{8A8B2AB6-5DE9-44FE-8CC6-EA22DD371BBD}"
EndProject
Project("{8BC9CEB8-8B4A-11D0-8D11-00A0C91BC942}") = "fig03_05", "fig03_05\fig03_05.vcxproj", "{7912437C-F471-423D-9A01-E1925956E1E7}"
EndProject
Project("{8BC9CEB8-8B4A-11D0-8D11-00A0C91BC942}") = "fig03_07", "fig03_07\fig03_07.vcxproj", "{4EC7895D-F683-4B15-A55B-3405DB2A0D56}"
EndProject
Global
	GlobalSection(SolutionConfigurationPlatforms) = preSolution
		Debug|Win32 = Debug|Win32
		Release|Win32 = Release|Win32
	EndGlobalSection
	GlobalSection(ProjectConfigurationPlatforms) = postSolution
		{B80373E5-F6E8-416F-98DC-8128CDFD4C63}.Debug|Win32.ActiveCfg = Debug|Win32
		{B80373E5-F6E8-416F-98DC-8128CDFD4C63}.Debug|Win32.Build.0 = Debug|Win32
		{B80373E5-F6E8-416F-98DC-8128CDFD4C63}.Release|Win32.ActiveCfg = Release|Win32
		{B80373E5-F6E8-416F-98DC-8128CDFD4C63}.Release|Win32.Build.0 = Release|Win32
		{CEFC73FD-8598-423B-B43B-AFDE13669CCD}.Debug|Win32.ActiveCfg = Debug|Win32
		{CEFC73FD-8598-423B-B43B-AFDE13669CCD}.Debug|Win32.Build.0 = Debug|Win32
		{CEFC73FD-8598-423B-B43B-AFDE13669CCD}.Release|Win32.ActiveCfg = Release|Win32
		{CEFC73FD-8598-423B-B43B-AFDE13669CCD}.Release|Win32.Build.0 = Release|Win32
		{731E632E-E3EE-4CA2-AC79-D3CDEDAE7D67}.Debug|Win32.ActiveCfg = Debug|Win32
		{731E632E-E3EE-4CA2-AC79-D3CDEDAE7D67}.Debug|Win32.Build.0 = Debug|Win32
		{731E632E-E3EE-4CA2-AC79-D3CDEDAE7D67}.Release|Win32.ActiveCfg = Release|Win32
		{731E632E-E3EE-4CA2-AC79-D3CDEDAE7D67}.Release|Win32.Build.0 = Release|Win32
		{42857F2B-A775-4AA4-AC9C-81A68ED58E39}.Debug|Win32.ActiveCfg = Debug|Win32
		{42857F2B-A775-4AA4-AC9C-81A68ED58E39}.Debug|Win32.Build.0 = Debug|Win32
		{42857F2B-A775-4AA4-AC9C-81A68ED58E39}.Release|Win32.ActiveCfg = Release|Win32
		{42857F2B-A775-4AA4-AC9C-81A68ED58E39}.Release|Win32.Build.0 = Release|Win32
		{4D872245-125F-4359-A82F-D25A2F30ABF3}.Debug|Win32.ActiveCfg = Debug|Win32
		{4D872245-125F-4359-A82F-D25A2F30ABF3}.Debug|Win32.Build.0 = Debug|Win32
		{4D872245-125F-4359-A82F-D25A2F30ABF3}.Release|Win32.ActiveCfg = Release|Win32
		{4D872245-125F-4359-A82F-D25A2F30ABF3}.Release|Win32.Build.0 = Release|Win32
		{98EFC801-7058-43AA-8C90-F91A4814DDAA}.Debug|Win32.ActiveCfg = Debug|Win32
		{98EFC801-7058-43AA-8C90-F91A4814DDAA}.Debug|Win32.Build.0 = Debug|Win32
		{98EFC801-7058-43AA-8C90-F91A4814DDAA}.Release|Win32.ActiveCfg = Release|Win32
		{98EFC801-7058-43AA-8C90-F91A4814DDAA}.Release|Win32.Build.0 = Release|Win32
		{8A8B2AB6-5DE9-44FE-8CC6-EA22DD371BBD}.Debug|Win32.ActiveCfg = Debug|Win32
		{8A8B2AB6-5DE9-44FE-8CC6-EA22DD371BBD}.Debug|Win32.Build.0 = Debug|Win32
		{8A8B2AB6-5DE9-44FE-8CC6-EA22DD371BBD}.Release|Win32.ActiveCfg = Release|Win32
		{8A8B2AB6-5DE9-44FE-8CC6-EA22DD371BBD}.Release|Win32.Build.0 = Release|Win32
		{7912437C-F471-423D-9A01-E1925956E1E7}.Debug|Win32.ActiveCfg = Debug|Win32
		{7912437C-F471-423D-9A01-E1925956E1E7}.Debug|Win32.Build.0 = Debug|Win32
		{7912437C-F471-423D-9A01-E1925956E1E7}.Release|Win32.ActiveCfg = Release|Win32
		{7912437C-F471-423D-9A01-E1925956E1E7}.Release|Win32.Build.0 = Release|Win32
		{4EC7895D-F683-4B15-A55B-3405DB2A0D56}.Debug|Win32.ActiveCfg = Debug|Win32
		{4EC7895D-F683-4B15-A55B-3405DB2A0D56}.Debug|Win32.Build.0 = Debug|Win32
		{4EC7895D-F683-4B15-A55B-3405DB2A0D56}.Release|Win32.ActiveCfg = Release|Win32
		{4EC7895D-F683-4B15-A55B-3405DB2A0D56}.Release|Win32.Build.0 = Release|Win32
	EndGlobalSection
	GlobalSection(SolutionProperties) = preSolution
		HideSolutionNode = FALSE
	EndGlobalSection
EndGlobal
